
Microsoft Visual Studio Solution File, Format Version 12.00
# Visual Studio Version 17
VisualStudioVersion = 17.14.36518.9 d17.14
MinimumVisualStudioVersion = 10.0.40219.1
Project("{FAE04EC0-301F-11D3-BF4B-00C04F79EFBC}") = "ProductAPI_backend", "ProductAPI_backend\ProductAPI_backend.csproj", "{B498D1B9-62AF-47B8-B111-AD2107BD22CC}"
EndProject
Global
	GlobalSection(SolutionConfigurationPlatforms) = preSolution
		Debug|Any CPU = Debug|Any CPU
		Release|Any CPU = Release|Any CPU
	EndGlobalSection
	GlobalSection(ProjectConfigurationPlatforms) = postSolution
		{B498D1B9-62AF-47B8-B111-AD2107BD22CC}.Debug|Any CPU.ActiveCfg = Debug|Any CPU
		{B498D1B9-62AF-47B8-B111-AD2107BD22CC}.Debug|Any CPU.Build.0 = Debug|Any CPU
		{B498D1B9-62AF-47B8-B111-AD2107BD22CC}.Release|Any CPU.ActiveCfg = Release|Any CPU
		{B498D1B9-62AF-47B8-B111-AD2107BD22CC}.Release|Any CPU.Build.0 = Release|Any CPU
	EndGlobalSection
	GlobalSection(SolutionProperties) = preSolution
		HideSolutionNode = FALSE
	EndGlobalSection
	GlobalSection(ExtensibilityGlobals) = postSolution
		SolutionGuid = {2AB81995-9926-41A0-899A-D645F74FE4FF}
	EndGlobalSection
EndGlobal
